{
  "object": {
    "pins": [
      {
        "package": "FileSugar",
        "repositoryURL": "https://github.com/eonist/FileSugar.git",
        "state": {
          "branch": "master",
          "revision": "f900c1b68106af3e09f6fcc0574a5cd20ae1650c",
          "version": null
        }
      }
    ]
  },
  "version": 1
}
