{
  "pins" : [
    {
      "identity" : "filesugar",
      "kind" : "remoteSourceControl",
      "location" : "https://github.com/eonist/FileSugar.git",
      "state" : {
        "branch" : "master",
        "revision" : "105c55c7ea5da1d312bbe6d841e6e1968f756fff"
      }
    }
  ],
  "version" : 2
}
